// !$*UTF8*$!
{
	archiveVersion = 1;
	classes = {
	};
	objectVersion = 55;
	objects = {

/* Begin PBXBuildFile section */
		C02F000028C6BFB600156CE7 /* NetworkService.swift in Sources */ = {isa = PBXBuildFile; fileRef = C02FFFFF28C6BFB600156CE7 /* NetworkService.swift */; };
		C02F000328C6C02400156CE7 /* Restaurant.swift in Sources */ = {isa = PBXBuildFile; fileRef = C02F000228C6C02400156CE7 /* Restaurant.swift */; };
		C02F000628C6C23500156CE7 /* UIImageView+.swift in Sources */ = {isa = PBXBuildFile; fileRef = C02F000528C6C23500156CE7 /* UIImageView+.swift */; };
		C02F000928C6C49E00156CE7 /* RestaurantTableViewCell.swift in Sources */ = {isa = PBXBuildFile; fileRef = C02F000828C6C49E00156CE7 /* RestaurantTableViewCell.swift */; };
		C02F000B28C78E7D00156CE7 /* Response.swift in Sources */ = {isa = PBXBuildFile; fileRef = C02F000A28C78E7D00156CE7 /* Response.swift */; };
		C02F000D28C78ED300156CE7 /* LocalStorageService.swift in Sources */ = {isa = PBXBuildFile; fileRef = C02F000C28C78ED300156CE7 /* LocalStorageService.swift */; };
		C02F000F28C7912100156CE7 /* RestaurantCellModel.swift in Sources */ = {isa = PBXBuildFile; fileRef = C02F000E28C7912100156CE7 /* RestaurantCellModel.swift */; };
		C02F001128C7924E00156CE7 /* FavoritesRepository.swift in Sources */ = {isa = PBXBuildFile; fileRef = C02F001028C7924E00156CE7 /* FavoritesRepository.swift */; };
		C02F001328C7A29900156CE7 /* RestaurantRepositoryProtocol.swift in Sources */ = {isa = PBXBuildFile; fileRef = C02F001228C7A29900156CE7 /* RestaurantRepositoryProtocol.swift */; };
		C02F001528C7A37600156CE7 /* MockRestaurantRepository.swift in Sources */ = {isa = PBXBuildFile; fileRef = C02F001428C7A37600156CE7 /* MockRestaurantRepository.swift */; };
		C02FFFC928C6BEA700156CE7 /* AppDelegate.swift in Sources */ = {isa = PBXBuildFile; fileRef = C02FFFC828C6BEA700156CE7 /* AppDelegate.swift */; };
		C02FFFCB28C6BEA700156CE7 /* SceneDelegate.swift in Sources */ = {isa = PBXBuildFile; fileRef = C02FFFCA28C6BEA700156CE7 /* SceneDelegate.swift */; };
		C02FFFCD28C6BEA700156CE7 /* ListViewController.swift in Sources */ = {isa = PBXBuildFile; fileRef = C02FFFCC28C6BEA700156CE7 /* ListViewController.swift */; };
		C02FFFD028C6BEA700156CE7 /* Main.storyboard in Resources */ = {isa = PBXBuildFile; fileRef = C02FFFCE28C6BEA700156CE7 /* Main.storyboard */; };
		C02FFFD228C6BEA900156CE7 /* Assets.xcassets in Resources */ = {isa = PBXBuildFile; fileRef = C02FFFD128C6BEA900156CE7 /* Assets.xcassets */; };
		C02FFFD528C6BEA900156CE7 /* LaunchScreen.storyboard in Resources */ = {isa = PBXBuildFile; fileRef = C02FFFD328C6BEA900156CE7 /* LaunchScreen.storyboard */; };
		C02FFFE028C6BEA900156CE7 /* RestaurantiOSTests.swift in Sources */ = {isa = PBXBuildFile; fileRef = C02FFFDF28C6BEA900156CE7 /* RestaurantiOSTests.swift */; };
		C02FFFEA28C6BEA900156CE7 /* RestaurantiOSUITests.swift in Sources */ = {isa = PBXBuildFile; fileRef = C02FFFE928C6BEA900156CE7 /* RestaurantiOSUITests.swift */; };
		C02FFFEC28C6BEA900156CE7 /* RestaurantiOSUITestsLaunchTests.swift in Sources */ = {isa = PBXBuildFile; fileRef = C02FFFEB28C6BEA900156CE7 /* RestaurantiOSUITestsLaunchTests.swift */; };
		C02FFFFA28C6BF6B00156CE7 /* ListViewModel.swift in Sources */ = {isa = PBXBuildFile; fileRef = C02FFFF928C6BF6B00156CE7 /* ListViewModel.swift */; };
		C02FFFFD28C6BF8F00156CE7 /* RestaurantRepository.swift in Sources */ = {isa = PBXBuildFile; fileRef = C02FFFFC28C6BF8F00156CE7 /* RestaurantRepository.swift */; };
/* End PBXBuildFile section */

/* Begin PBXContainerItemProxy section */
		C02FFFDC28C6BEA900156CE7 /* PBXContainerItemProxy */ = {
			isa = PBXContainerItemProxy;
			containerPortal = C02FFFBD28C6BEA700156CE7 /* Project object */;
			proxyType = 1;
			remoteGlobalIDString = C02FFFC428C6BEA700156CE7;
			remoteInfo = RestaurantiOS;
		};
		C02FFFE628C6BEA900156CE7 /* PBXContainerItemProxy */ = {
			isa = PBXContainerItemProxy;
			containerPortal = C02FFFBD28C6BEA700156CE7 /* Project object */;
			proxyType = 1;
			remoteGlobalIDString = C02FFFC428C6BEA700156CE7;
			remoteInfo = RestaurantiOS;
		};
/* End PBXContainerItemProxy section */

/* Begin PBXFileReference section */
		C02F000228C6C02400156CE7 /* Restaurant.swift */ = {isa = PBXFileReference; lastKnownFileType = sourcecode.swift; path = Restaurant.swift; sourceTree = "<group>"; };
		C02F000528C6C23500156CE7 /* UIImageView+.swift */ = {isa = PBXFileReference; lastKnownFileType = sourcecode.swift; path = "UIImageView+.swift"; sourceTree = "<group>"; };
		C02F000828C6C49E00156CE7 /* RestaurantTableViewCell.swift */ = {isa = PBXFileReference; lastKnownFileType = sourcecode.swift; path = RestaurantTableViewCell.swift; sourceTree = "<group>"; };
		C02F000A28C78E7D00156CE7 /* Response.swift */ = {isa = PBXFileReference; lastKnownFileType = sourcecode.swift; path = Response.swift; sourceTree = "<group>"; };
		C02F000C28C78ED300156CE7 /* LocalStorageService.swift */ = {isa = PBXFileReference; lastKnownFileType = sourcecode.swift; path = LocalStorageService.swift; sourceTree = "<group>"; };
		C02F000E28C7912100156CE7 /* RestaurantCellModel.swift */ = {isa = PBXFileReference; lastKnownFileType = sourcecode.swift; path = RestaurantCellModel.swift; sourceTree = "<group>"; };
		C02F001028C7924E00156CE7 /* FavoritesRepository.swift */ = {isa = PBXFileReference; lastKnownFileType = sourcecode.swift; path = FavoritesRepository.swift; sourceTree = "<group>"; };
		C02F001228C7A29900156CE7 /* RestaurantRepositoryProtocol.swift */ = {isa = PBXFileReference; lastKnownFileType = sourcecode.swift; path = RestaurantRepositoryProtocol.swift; sourceTree = "<group>"; };
		C02F001428C7A37600156CE7 /* MockRestaurantRepository.swift */ = {isa = PBXFileReference; lastKnownFileType = sourcecode.swift; path = MockRestaurantRepository.swift; sourceTree = "<group>"; };
		C02FFFC528C6BEA700156CE7 /* RestaurantiOS.app */ = {isa = PBXFileReference; explicitFileType = wrapper.application; includeInIndex = 0; path = RestaurantiOS.app; sourceTree = BUILT_PRODUCTS_DIR; };
		C02FFFC828C6BEA700156CE7 /* AppDelegate.swift */ = {isa = PBXFileReference; lastKnownFileType = sourcecode.swift; path = AppDelegate.swift; sourceTree = "<group>"; };
		C02FFFCA28C6BEA700156CE7 /* SceneDelegate.swift */ = {isa = PBXFileReference; lastKnownFileType = sourcecode.swift; path = SceneDelegate.swift; sourceTree = "<group>"; };
		C02FFFCC28C6BEA700156CE7 /* ListViewController.swift */ = {isa = PBXFileReference; lastKnownFileType = sourcecode.swift; path = ListViewController.swift; sourceTree = "<group>"; };
		C02FFFCF28C6BEA700156CE7 /* Base */ = {isa = PBXFileReference; lastKnownFileType = file.storyboard; name = Base; path = Base.lproj/Main.storyboard; sourceTree = "<group>"; };
		C02FFFD128C6BEA900156CE7 /* Assets.xcassets */ = {isa = PBXFileReference; lastKnownFileType = folder.assetcatalog; path = Assets.xcassets; sourceTree = "<group>"; };
		C02FFFD428C6BEA900156CE7 /* Base */ = {isa = PBXFileReference; lastKnownFileType = file.storyboard; name = Base; path = Base.lproj/LaunchScreen.storyboard; sourceTree = "<group>"; };
		C02FFFD628C6BEA900156CE7 /* Info.plist */ = {isa = PBXFileReference; lastKnownFileType = text.plist.xml; path = Info.plist; sourceTree = "<group>"; };
		C02FFFDB28C6BEA900156CE7 /* RestaurantiOSTests.xctest */ = {isa = PBXFileReference; explicitFileType = wrapper.cfbundle; includeInIndex = 0; path = RestaurantiOSTests.xctest; sourceTree = BUILT_PRODUCTS_DIR; };
		C02FFFDF28C6BEA900156CE7 /* RestaurantiOSTests.swift */ = {isa = PBXFileReference; lastKnownFileType = sourcecode.swift; path = RestaurantiOSTests.swift; sourceTree = "<group>"; };
		C02FFFE528C6BEA900156CE7 /* RestaurantiOSUITests.xctest */ = {isa = PBXFileReference; explicitFileType = wrapper.cfbundle; includeInIndex = 0; path = RestaurantiOSUITests.xctest; sourceTree = BUILT_PRODUCTS_DIR; };
		C02FFFE928C6BEA900156CE7 /* RestaurantiOSUITests.swift */ = {isa = PBXFileReference; lastKnownFileType = sourcecode.swift; path = RestaurantiOSUITests.swift; sourceTree = "<group>"; };
		C02FFFEB28C6BEA900156CE7 /* RestaurantiOSUITestsLaunchTests.swift */ = {isa = PBXFileReference; lastKnownFileType = sourcecode.swift; path = RestaurantiOSUITestsLaunchTests.swift; sourceTree = "<group>"; };
		C02FFFF928C6BF6B00156CE7 /* ListViewModel.swift */ = {isa = PBXFileReference; lastKnownFileType = sourcecode.swift; path = ListViewModel.swift; sourceTree = "<group>"; };
		C02FFFFC28C6BF8F00156CE7 /* RestaurantRepository.swift */ = {isa = PBXFileReference; lastKnownFileType = sourcecode.swift; path = RestaurantRepository.swift; sourceTree = "<group>"; };
		C02FFFFF28C6BFB600156CE7 /* NetworkService.swift */ = {isa = PBXFileReference; lastKnownFileType = sourcecode.swift; path = NetworkService.swift; sourceTree = "<group>"; };
/* End PBXFileReference section */

/* Begin PBXFrameworksBuildPhase section */
		C02FFFC228C6BEA700156CE7 /* Frameworks */ = {
			isa = PBXFrameworksBuildPhase;
			buildActionMask = 2147483647;
			files = (
			);
			runOnlyForDeploymentPostprocessing = 0;
		};
		C02FFFD828C6BEA900156CE7 /* Frameworks */ = {
			isa = PBXFrameworksBuildPhase;
			buildActionMask = 2147483647;
			files = (
			);
			runOnlyForDeploymentPostprocessing = 0;
		};
		C02FFFE228C6BEA900156CE7 /* Frameworks */ = {
			isa = PBXFrameworksBuildPhase;
			buildActionMask = 2147483647;
			files = (
			);
			runOnlyForDeploymentPostprocessing = 0;
		};
/* End PBXFrameworksBuildPhase section */

/* Begin PBXGroup section */
		C02F000128C6C01B00156CE7 /* Models */ = {
			isa = PBXGroup;
			children = (
				C02F000228C6C02400156CE7 /* Restaurant.swift */,
				C02F000A28C78E7D00156CE7 /* Response.swift */,
			);
			path = Models;
			sourceTree = "<group>";
		};
		C02F000428C6C21C00156CE7 /* Extensions */ = {
			isa = PBXGroup;
			children = (
				C02F000528C6C23500156CE7 /* UIImageView+.swift */,
			);
			path = Extensions;
			sourceTree = "<group>";
		};
		C02F000728C6C49200156CE7 /* Views */ = {
			isa = PBXGroup;
			children = (
				C02F000828C6C49E00156CE7 /* RestaurantTableViewCell.swift */,
				C02F000E28C7912100156CE7 /* RestaurantCellModel.swift */,
			);
			path = Views;
			sourceTree = "<group>";
		};
		C02FFFBC28C6BEA700156CE7 = {
			isa = PBXGroup;
			children = (
				C02FFFC728C6BEA700156CE7 /* RestaurantiOS */,
				C02FFFDE28C6BEA900156CE7 /* RestaurantiOSTests */,
				C02FFFE828C6BEA900156CE7 /* RestaurantiOSUITests */,
				C02FFFC628C6BEA700156CE7 /* Products */,
			);
			sourceTree = "<group>";
		};
		C02FFFC628C6BEA700156CE7 /* Products */ = {
			isa = PBXGroup;
			children = (
				C02FFFC528C6BEA700156CE7 /* RestaurantiOS.app */,
				C02FFFDB28C6BEA900156CE7 /* RestaurantiOSTests.xctest */,
				C02FFFE528C6BEA900156CE7 /* RestaurantiOSUITests.xctest */,
			);
			name = Products;
			sourceTree = "<group>";
		};
		C02FFFC728C6BEA700156CE7 /* RestaurantiOS */ = {
			isa = PBXGroup;
			children = (
				C02F000428C6C21C00156CE7 /* Extensions */,
				C02F000128C6C01B00156CE7 /* Models */,
				C02FFFFE28C6BFAA00156CE7 /* Services */,
				C02FFFFB28C6BF7400156CE7 /* Repositories */,
				C02FFFF828C6BED600156CE7 /* List */,
				C02FFFC828C6BEA700156CE7 /* AppDelegate.swift */,
				C02FFFCA28C6BEA700156CE7 /* SceneDelegate.swift */,
				C02FFFCE28C6BEA700156CE7 /* Main.storyboard */,
				C02FFFD128C6BEA900156CE7 /* Assets.xcassets */,
				C02FFFD328C6BEA900156CE7 /* LaunchScreen.storyboard */,
				C02FFFD628C6BEA900156CE7 /* Info.plist */,
			);
			path = RestaurantiOS;
			sourceTree = "<group>";
		};
		C02FFFDE28C6BEA900156CE7 /* RestaurantiOSTests */ = {
			isa = PBXGroup;
			children = (
				C02FFFDF28C6BEA900156CE7 /* RestaurantiOSTests.swift */,
				C02F001428C7A37600156CE7 /* MockRestaurantRepository.swift */,
			);
			path = RestaurantiOSTests;
			sourceTree = "<group>";
		};
		C02FFFE828C6BEA900156CE7 /* RestaurantiOSUITests */ = {
			isa = PBXGroup;
			children = (
				C02FFFE928C6BEA900156CE7 /* RestaurantiOSUITests.swift */,
				C02FFFEB28C6BEA900156CE7 /* RestaurantiOSUITestsLaunchTests.swift */,
			);
			path = RestaurantiOSUITests;
			sourceTree = "<group>";
		};
		C02FFFF828C6BED600156CE7 /* List */ = {
			isa = PBXGroup;
			children = (
				C02F000728C6C49200156CE7 /* Views */,
				C02FFFCC28C6BEA700156CE7 /* ListViewController.swift */,
				C02FFFF928C6BF6B00156CE7 /* ListViewModel.swift */,
			);
			path = List;
			sourceTree = "<group>";
		};
		C02FFFFB28C6BF7400156CE7 /* Repositories */ = {
			isa = PBXGroup;
			children = (
				C02FFFFC28C6BF8F00156CE7 /* RestaurantRepository.swift */,
				C02F001028C7924E00156CE7 /* FavoritesRepository.swift */,
				C02F001228C7A29900156CE7 /* RestaurantRepositoryProtocol.swift */,
			);
			path = Repositories;
			sourceTree = "<group>";
		};
		C02FFFFE28C6BFAA00156CE7 /* Services */ = {
			isa = PBXGroup;
			children = (
				C02FFFFF28C6BFB600156CE7 /* NetworkService.swift */,
				C02F000C28C78ED300156CE7 /* LocalStorageService.swift */,
			);
			path = Services;
			sourceTree = "<group>";
		};
/* End PBXGroup section */

/* Begin PBXNativeTarget section */
		C02FFFC428C6BEA700156CE7 /* RestaurantiOS */ = {
			isa = PBXNativeTarget;
			buildConfigurationList = C02FFFEF28C6BEA900156CE7 /* Build configuration list for PBXNativeTarget "RestaurantiOS" */;
			buildPhases = (
				C02FFFC128C6BEA700156CE7 /* Sources */,
				C02FFFC228C6BEA700156CE7 /* Frameworks */,
				C02FFFC328C6BEA700156CE7 /* Resources */,
			);
			buildRules = (
			);
			dependencies = (
			);
			name = RestaurantiOS;
			productName = RestaurantiOS;
			productReference = C02FFFC528C6BEA700156CE7 /* RestaurantiOS.app */;
			productType = "com.apple.product-type.application";
		};
		C02FFFDA28C6BEA900156CE7 /* RestaurantiOSTests */ = {
			isa = PBXNativeTarget;
			buildConfigurationList = C02FFFF228C6BEA900156CE7 /* Build configuration list for PBXNativeTarget "RestaurantiOSTests" */;
			buildPhases = (
				C02FFFD728C6BEA900156CE7 /* Sources */,
				C02FFFD828C6BEA900156CE7 /* Frameworks */,
				C02FFFD928C6BEA900156CE7 /* Resources */,
			);
			buildRules = (
			);
			dependencies = (
				C02FFFDD28C6BEA900156CE7 /* PBXTargetDependency */,
			);
			name = RestaurantiOSTests;
			productName = RestaurantiOSTests;
			productReference = C02FFFDB28C6BEA900156CE7 /* RestaurantiOSTests.xctest */;
			productType = "com.apple.product-type.bundle.unit-test";
		};
		C02FFFE428C6BEA900156CE7 /* RestaurantiOSUITests */ = {
			isa = PBXNativeTarget;
			buildConfigurationList = C02FFFF528C6BEA900156CE7 /* Build configuration list for PBXNativeTarget "RestaurantiOSUITests" */;
			buildPhases = (
				C02FFFE128C6BEA900156CE7 /* Sources */,
				C02FFFE228C6BEA900156CE7 /* Frameworks */,
				C02FFFE328C6BEA900156CE7 /* Resources */,
			);
			buildRules = (
			);
			dependencies = (
				C02FFFE728C6BEA900156CE7 /* PBXTargetDependency */,
			);
			name = RestaurantiOSUITests;
			productName = RestaurantiOSUITests;
			productReference = C02FFFE528C6BEA900156CE7 /* RestaurantiOSUITests.xctest */;
			productType = "com.apple.product-type.bundle.ui-testing";
		};
/* End PBXNativeTarget section */

/* Begin PBXProject section */
		C02FFFBD28C6BEA700156CE7 /* Project object */ = {
			isa = PBXProject;
			attributes = {
				BuildIndependentTargetsInParallel = 1;
				LastSwiftUpdateCheck = 1330;
				LastUpgradeCheck = 1330;
				TargetAttributes = {
					C02FFFC428C6BEA700156CE7 = {
						CreatedOnToolsVersion = 13.3;
					};
					C02FFFDA28C6BEA900156CE7 = {
						CreatedOnToolsVersion = 13.3;
						TestTargetID = C02FFFC428C6BEA700156CE7;
					};
					C02FFFE428C6BEA900156CE7 = {
						CreatedOnToolsVersion = 13.3;
						TestTargetID = C02FFFC428C6BEA700156CE7;
					};
				};
			};
			buildConfigurationList = C02FFFC028C6BEA700156CE7 /* Build configuration list for PBXProject "RestaurantiOS" */;
			compatibilityVersion = "Xcode 13.0";
			developmentRegion = en;
			hasScannedForEncodings = 0;
			knownRegions = (
				en,
				Base,
			);
			mainGroup = C02FFFBC28C6BEA700156CE7;
			productRefGroup = C02FFFC628C6BEA700156CE7 /* Products */;
			projectDirPath = "";
			projectRoot = "";
			targets = (
				C02FFFC428C6BEA700156CE7 /* RestaurantiOS */,
				C02FFFDA28C6BEA900156CE7 /* RestaurantiOSTests */,
				C02FFFE428C6BEA900156CE7 /* RestaurantiOSUITests */,
			);
		};
/* End PBXProject section */

/* Begin PBXResourcesBuildPhase section */
		C02FFFC328C6BEA700156CE7 /* Resources */ = {
			isa = PBXResourcesBuildPhase;
			buildActionMask = 2147483647;
			files = (
				C02FFFD528C6BEA900156CE7 /* LaunchScreen.storyboard in Resources */,
				C02FFFD228C6BEA900156CE7 /* Assets.xcassets in Resources */,
				C02FFFD028C6BEA700156CE7 /* Main.storyboard in Resources */,
			);
			runOnlyForDeploymentPostprocessing = 0;
		};
		C02FFFD928C6BEA900156CE7 /* Resources */ = {
			isa = PBXResourcesBuildPhase;
			buildActionMask = 2147483647;
			files = (
			);
			runOnlyForDeploymentPostprocessing = 0;
		};
		C02FFFE328C6BEA900156CE7 /* Resources */ = {
			isa = PBXResourcesBuildPhase;
			buildActionMask = 2147483647;
			files = (
			);
			runOnlyForDeploymentPostprocessing = 0;
		};
/* End PBXResourcesBuildPhase section */

/* Begin PBXSourcesBuildPhase section */
		C02FFFC128C6BEA700156CE7 /* Sources */ = {
			isa = PBXSourcesBuildPhase;
			buildActionMask = 2147483647;
			files = (
				C02FFFCD28C6BEA700156CE7 /* ListViewController.swift in Sources */,
				C02FFFC928C6BEA700156CE7 /* AppDelegate.swift in Sources */,
				C02FFFFD28C6BF8F00156CE7 /* RestaurantRepository.swift in Sources */,
				C02F000328C6C02400156CE7 /* Restaurant.swift in Sources */,
				C02F001328C7A29900156CE7 /* RestaurantRepositoryProtocol.swift in Sources */,
				C02F000B28C78E7D00156CE7 /* Response.swift in Sources */,
				C02F000F28C7912100156CE7 /* RestaurantCellModel.swift in Sources */,
				C02F000628C6C23500156CE7 /* UIImageView+.swift in Sources */,
				C02FFFFA28C6BF6B00156CE7 /* ListViewModel.swift in Sources */,
				C02F001128C7924E00156CE7 /* FavoritesRepository.swift in Sources */,
				C02F000028C6BFB600156CE7 /* NetworkService.swift in Sources */,
				C02F000928C6C49E00156CE7 /* RestaurantTableViewCell.swift in Sources */,
				C02FFFCB28C6BEA700156CE7 /* SceneDelegate.swift in Sources */,
				C02F000D28C78ED300156CE7 /* LocalStorageService.swift in Sources */,
			);
			runOnlyForDeploymentPostprocessing = 0;
		};
		C02FFFD728C6BEA900156CE7 /* Sources */ = {
			isa = PBXSourcesBuildPhase;
			buildActionMask = 2147483647;
			files = (
				C02F001528C7A37600156CE7 /* MockRestaurantRepository.swift in Sources */,
				C02FFFE028C6BEA900156CE7 /* RestaurantiOSTests.swift in Sources */,
			);
			runOnlyForDeploymentPostprocessing = 0;
		};
		C02FFFE128C6BEA900156CE7 /* Sources */ = {
			isa = PBXSourcesBuildPhase;
			buildActionMask = 2147483647;
			files = (
				C02FFFEA28C6BEA900156CE7 /* RestaurantiOSUITests.swift in Sources */,
				C02FFFEC28C6BEA900156CE7 /* RestaurantiOSUITestsLaunchTests.swift in Sources */,
			);
			runOnlyForDeploymentPostprocessing = 0;
		};
/* End PBXSourcesBuildPhase section */

/* Begin PBXTargetDependency section */
		C02FFFDD28C6BEA900156CE7 /* PBXTargetDependency */ = {
			isa = PBXTargetDependency;
			target = C02FFFC428C6BEA700156CE7 /* RestaurantiOS */;
			targetProxy = C02FFFDC28C6BEA900156CE7 /* PBXContainerItemProxy */;
		};
		C02FFFE728C6BEA900156CE7 /* PBXTargetDependency */ = {
			isa = PBXTargetDependency;
			target = C02FFFC428C6BEA700156CE7 /* RestaurantiOS */;
			targetProxy = C02FFFE628C6BEA900156CE7 /* PBXContainerItemProxy */;
		};
/* End PBXTargetDependency section */

/* Begin PBXVariantGroup section */
		C02FFFCE28C6BEA700156CE7 /* Main.storyboard */ = {
			isa = PBXVariantGroup;
			children = (
				C02FFFCF28C6BEA700156CE7 /* Base */,
			);
			name = Main.storyboard;
			sourceTree = "<group>";
		};
		C02FFFD328C6BEA900156CE7 /* LaunchScreen.storyboard */ = {
			isa = PBXVariantGroup;
			children = (
				C02FFFD428C6BEA900156CE7 /* Base */,
			);
			name = LaunchScreen.storyboard;
			sourceTree = "<group>";
		};
/* End PBXVariantGroup section */

/* Begin XCBuildConfiguration section */
		C02FFFED28C6BEA900156CE7 /* Debug */ = {
			isa = XCBuildConfiguration;
			buildSettings = {
				ALWAYS_SEARCH_USER_PATHS = NO;
				CLANG_ANALYZER_NONNULL = YES;
				CLANG_ANALYZER_NUMBER_OBJECT_CONVERSION = YES_AGGRESSIVE;
				CLANG_CXX_LANGUAGE_STANDARD = "gnu++17";
				CLANG_ENABLE_MODULES = YES;
				CLANG_ENABLE_OBJC_ARC = YES;
				CLANG_ENABLE_OBJC_WEAK = YES;
				CLANG_WARN_BLOCK_CAPTURE_AUTORELEASING = YES;
				CLANG_WARN_BOOL_CONVERSION = YES;
				CLANG_WARN_COMMA = YES;
				CLANG_WARN_CONSTANT_CONVERSION = YES;
				CLANG_WARN_DEPRECATED_OBJC_IMPLEMENTATIONS = YES;
				CLANG_WARN_DIRECT_OBJC_ISA_USAGE = YES_ERROR;
				CLANG_WARN_DOCUMENTATION_COMMENTS = YES;
				CLANG_WARN_EMPTY_BODY = YES;
				CLANG_WARN_ENUM_CONVERSION = YES;
				CLANG_WARN_INFINITE_RECURSION = YES;
				CLANG_WARN_INT_CONVERSION = YES;
				CLANG_WARN_NON_LITERAL_NULL_CONVERSION = YES;
				CLANG_WARN_OBJC_IMPLICIT_RETAIN_SELF = YES;
				CLANG_WARN_OBJC_LITERAL_CONVERSION = YES;
				CLANG_WARN_OBJC_ROOT_CLASS = YES_ERROR;
				CLANG_WARN_QUOTED_INCLUDE_IN_FRAMEWORK_HEADER = YES;
				CLANG_WARN_RANGE_LOOP_ANALYSIS = YES;
				CLANG_WARN_STRICT_PROTOTYPES = YES;
				CLANG_WARN_SUSPICIOUS_MOVE = YES;
				CLANG_WARN_UNGUARDED_AVAILABILITY = YES_AGGRESSIVE;
				CLANG_WARN_UNREACHABLE_CODE = YES;
				CLANG_WARN__DUPLICATE_METHOD_MATCH = YES;
				COPY_PHASE_STRIP = NO;
				DEBUG_INFORMATION_FORMAT = dwarf;
				ENABLE_STRICT_OBJC_MSGSEND = YES;
				ENABLE_TESTABILITY = YES;
				GCC_C_LANGUAGE_STANDARD = gnu11;
				GCC_DYNAMIC_NO_PIC = NO;
				GCC_NO_COMMON_BLOCKS = YES;
				GCC_OPTIMIZATION_LEVEL = 0;
				GCC_PREPROCESSOR_DEFINITIONS = (
					"DEBUG=1",
					"$(inherited)",
				);
				GCC_WARN_64_TO_32_BIT_CONVERSION = YES;
				GCC_WARN_ABOUT_RETURN_TYPE = YES_ERROR;
				GCC_WARN_UNDECLARED_SELECTOR = YES;
				GCC_WARN_UNINITIALIZED_AUTOS = YES_AGGRESSIVE;
				GCC_WARN_UNUSED_FUNCTION = YES;
				GCC_WARN_UNUSED_VARIABLE = YES;
				IPHONEOS_DEPLOYMENT_TARGET = 15.4;
				MTL_ENABLE_DEBUG_INFO = INCLUDE_SOURCE;
				MTL_FAST_MATH = YES;
				ONLY_ACTIVE_ARCH = YES;
				SDKROOT = iphoneos;
				SWIFT_ACTIVE_COMPILATION_CONDITIONS = DEBUG;
				SWIFT_OPTIMIZATION_LEVEL = "-Onone";
			};
			name = Debug;
		};
		C02FFFEE28C6BEA900156CE7 /* Release */ = {
			isa = XCBuildConfiguration;
			buildSettings = {
				ALWAYS_SEARCH_USER_PATHS = NO;
				CLANG_ANALYZER_NONNULL = YES;
				CLANG_ANALYZER_NUMBER_OBJECT_CONVERSION = YES_AGGRESSIVE;
				CLANG_CXX_LANGUAGE_STANDARD = "gnu++17";
				CLANG_ENABLE_MODULES = YES;
				CLANG_ENABLE_OBJC_ARC = YES;
				CLANG_ENABLE_OBJC_WEAK = YES;
				CLANG_WARN_BLOCK_CAPTURE_AUTORELEASING = YES;
				CLANG_WARN_BOOL_CONVERSION = YES;
				CLANG_WARN_COMMA = YES;
				CLANG_WARN_CONSTANT_CONVERSION = YES;
				CLANG_WARN_DEPRECATED_OBJC_IMPLEMENTATIONS = YES;
				CLANG_WARN_DIRECT_OBJC_ISA_USAGE = YES_ERROR;
				CLANG_WARN_DOCUMENTATION_COMMENTS = YES;
				CLANG_WARN_EMPTY_BODY = YES;
				CLANG_WARN_ENUM_CONVERSION = YES;
				CLANG_WARN_INFINITE_RECURSION = YES;
				CLANG_WARN_INT_CONVERSION = YES;
				CLANG_WARN_NON_LITERAL_NULL_CONVERSION = YES;
				CLANG_WARN_OBJC_IMPLICIT_RETAIN_SELF = YES;
				CLANG_WARN_OBJC_LITERAL_CONVERSION = YES;
				CLANG_WARN_OBJC_ROOT_CLASS = YES_ERROR;
				CLANG_WARN_QUOTED_INCLUDE_IN_FRAMEWORK_HEADER = YES;
				CLANG_WARN_RANGE_LOOP_ANALYSIS = YES;
				CLANG_WARN_STRICT_PROTOTYPES = YES;
				CLANG_WARN_SUSPICIOUS_MOVE = YES;
				CLANG_WARN_UNGUARDED_AVAILABILITY = YES_AGGRESSIVE;
				CLANG_WARN_UNREACHABLE_CODE = YES;
				CLANG_WARN__DUPLICATE_METHOD_MATCH = YES;
				COPY_PHASE_STRIP = NO;
				DEBUG_INFORMATION_FORMAT = "dwarf-with-dsym";
				ENABLE_NS_ASSERTIONS = NO;
				ENABLE_STRICT_OBJC_MSGSEND = YES;
				GCC_C_LANGUAGE_STANDARD = gnu11;
				GCC_NO_COMMON_BLOCKS = YES;
				GCC_WARN_64_TO_32_BIT_CONVERSION = YES;
				GCC_WARN_ABOUT_RETURN_TYPE = YES_ERROR;
				GCC_WARN_UNDECLARED_SELECTOR = YES;
				GCC_WARN_UNINITIALIZED_AUTOS = YES_AGGRESSIVE;
				GCC_WARN_UNUSED_FUNCTION = YES;
				GCC_WARN_UNUSED_VARIABLE = YES;
				IPHONEOS_DEPLOYMENT_TARGET = 15.4;
				MTL_ENABLE_DEBUG_INFO = NO;
				MTL_FAST_MATH = YES;
				SDKROOT = iphoneos;
				SWIFT_COMPILATION_MODE = wholemodule;
				SWIFT_OPTIMIZATION_LEVEL = "-O";
				VALIDATE_PRODUCT = YES;
			};
			name = Release;
		};
		C02FFFF028C6BEA900156CE7 /* Debug */ = {
			isa = XCBuildConfiguration;
			buildSettings = {
				ASSETCATALOG_COMPILER_APPICON_NAME = AppIcon;
				ASSETCATALOG_COMPILER_GLOBAL_ACCENT_COLOR_NAME = AccentColor;
				CODE_SIGN_STYLE = Automatic;
				CURRENT_PROJECT_VERSION = 1;
				DEVELOPMENT_TEAM = 2Q2DY86S9C;
				GENERATE_INFOPLIST_FILE = YES;
				INFOPLIST_FILE = RestaurantiOS/Info.plist;
				INFOPLIST_KEY_UIApplicationSupportsIndirectInputEvents = YES;
				INFOPLIST_KEY_UILaunchStoryboardName = LaunchScreen;
				INFOPLIST_KEY_UIMainStoryboardFile = Main;
				INFOPLIST_KEY_UISupportedInterfaceOrientations_iPad = "UIInterfaceOrientationPortrait UIInterfaceOrientationPortraitUpsideDown UIInterfaceOrientationLandscapeLeft UIInterfaceOrientationLandscapeRight";
				INFOPLIST_KEY_UISupportedInterfaceOrientations_iPhone = "UIInterfaceOrientationPortrait UIInterfaceOrientationLandscapeLeft UIInterfaceOrientationLandscapeRight";
				IPHONEOS_DEPLOYMENT_TARGET = 13.0;
				LD_RUNPATH_SEARCH_PATHS = (
					"$(inherited)",
					"@executable_path/Frameworks",
				);
				MARKETING_VERSION = 1.0;
				PRODUCT_BUNDLE_IDENTIFIER = com.companyname.RestaurantiOS;
				PRODUCT_NAME = "$(TARGET_NAME)";
				SWIFT_EMIT_LOC_STRINGS = YES;
				SWIFT_VERSION = 5.0;
				TARGETED_DEVICE_FAMILY = "1,2";
			};
			name = Debug;
		};
		C02FFFF128C6BEA900156CE7 /* Release */ = {
			isa = XCBuildConfiguration;
			buildSettings = {
				ASSETCATALOG_COMPILER_APPICON_NAME = AppIcon;
				ASSETCATALOG_COMPILER_GLOBAL_ACCENT_COLOR_NAME = AccentColor;
				CODE_SIGN_STYLE = Automatic;
				CURRENT_PROJECT_VERSION = 1;
				DEVELOPMENT_TEAM = 2Q2DY86S9C;
				GENERATE_INFOPLIST_FILE = YES;
				INFOPLIST_FILE = RestaurantiOS/Info.plist;
				INFOPLIST_KEY_UIApplicationSupportsIndirectInputEvents = YES;
				INFOPLIST_KEY_UILaunchStoryboardName = LaunchScreen;
				INFOPLIST_KEY_UIMainStoryboardFile = Main;
				INFOPLIST_KEY_UISupportedInterfaceOrientations_iPad = "UIInterfaceOrientationPortrait UIInterfaceOrientationPortraitUpsideDown UIInterfaceOrientationLandscapeLeft UIInterfaceOrientationLandscapeRight";
				INFOPLIST_KEY_UISupportedInterfaceOrientations_iPhone = "UIInterfaceOrientationPortrait UIInterfaceOrientationLandscapeLeft UIInterfaceOrientationLandscapeRight";
				IPHONEOS_DEPLOYMENT_TARGET = 13.0;
				LD_RUNPATH_SEARCH_PATHS = (
					"$(inherited)",
					"@executable_path/Frameworks",
				);
				MARKETING_VERSION = 1.0;
				PRODUCT_BUNDLE_IDENTIFIER = com.companyname.RestaurantiOS;
				PRODUCT_NAME = "$(TARGET_NAME)";
				SWIFT_EMIT_LOC_STRINGS = YES;
				SWIFT_VERSION = 5.0;
				TARGETED_DEVICE_FAMILY = "1,2";
			};
			name = Release;
		};
		C02FFFF328C6BEA900156CE7 /* Debug */ = {
			isa = XCBuildConfiguration;
			buildSettings = {
				ALWAYS_EMBED_SWIFT_STANDARD_LIBRARIES = YES;
				BUNDLE_LOADER = "$(TEST_HOST)";
				CODE_SIGN_STYLE = Automatic;
				CURRENT_PROJECT_VERSION = 1;
				DEVELOPMENT_TEAM = 2Q2DY86S9C;
				GENERATE_INFOPLIST_FILE = YES;
				IPHONEOS_DEPLOYMENT_TARGET = 15.4;
				MARKETING_VERSION = 1.0;
				PRODUCT_BUNDLE_IDENTIFIER = com.companyname.RestaurantiOSTests;
				PRODUCT_NAME = "$(TARGET_NAME)";
				SWIFT_EMIT_LOC_STRINGS = NO;
				SWIFT_VERSION = 5.0;
				TARGETED_DEVICE_FAMILY = "1,2";
				TEST_HOST = "$(BUILT_PRODUCTS_DIR)/RestaurantiOS.app/RestaurantiOS";
			};
			name = Debug;
		};
		C02FFFF428C6BEA900156CE7 /* Release */ = {
			isa = XCBuildConfiguration;
			buildSettings = {
				ALWAYS_EMBED_SWIFT_STANDARD_LIBRARIES = YES;
				BUNDLE_LOADER = "$(TEST_HOST)";
				CODE_SIGN_STYLE = Automatic;
				CURRENT_PROJECT_VERSION = 1;
				DEVELOPMENT_TEAM = 2Q2DY86S9C;
				GENERATE_INFOPLIST_FILE = YES;
				IPHONEOS_DEPLOYMENT_TARGET = 15.4;
				MARKETING_VERSION = 1.0;
				PRODUCT_BUNDLE_IDENTIFIER = com.companyname.RestaurantiOSTests;
				PRODUCT_NAME = "$(TARGET_NAME)";
				SWIFT_EMIT_LOC_STRINGS = NO;
				SWIFT_VERSION = 5.0;
				TARGETED_DEVICE_FAMILY = "1,2";
				TEST_HOST = "$(BUILT_PRODUCTS_DIR)/RestaurantiOS.app/RestaurantiOS";
			};
			name = Release;
		};
		C02FFFF628C6BEA900156CE7 /* Debug */ = {
			isa = XCBuildConfiguration;
			buildSettings = {
				ALWAYS_EMBED_SWIFT_STANDARD_LIBRARIES = YES;
				CODE_SIGN_STYLE = Automatic;
				CURRENT_PROJECT_VERSION = 1;
				DEVELOPMENT_TEAM = 2Q2DY86S9C;
				GENERATE_INFOPLIST_FILE = YES;
				MARKETING_VERSION = 1.0;
				PRODUCT_BUNDLE_IDENTIFIER = com.companyname.RestaurantiOSUITests;
				PRODUCT_NAME = "$(TARGET_NAME)";
				SWIFT_EMIT_LOC_STRINGS = NO;
				SWIFT_VERSION = 5.0;
				TARGETED_DEVICE_FAMILY = "1,2";
				TEST_TARGET_NAME = RestaurantiOS;
			};
			name = Debug;
		};
		C02FFFF728C6BEA900156CE7 /* Release */ = {
			isa = XCBuildConfiguration;
			buildSettings = {
				ALWAYS_EMBED_SWIFT_STANDARD_LIBRARIES = YES;
				CODE_SIGN_STYLE = Automatic;
				CURRENT_PROJECT_VERSION = 1;
				DEVELOPMENT_TEAM = 2Q2DY86S9C;
				GENERATE_INFOPLIST_FILE = YES;
				MARKETING_VERSION = 1.0;
				PRODUCT_BUNDLE_IDENTIFIER = com.companyname.RestaurantiOSUITests;
				PRODUCT_NAME = "$(TARGET_NAME)";
				SWIFT_EMIT_LOC_STRINGS = NO;
				SWIFT_VERSION = 5.0;
				TARGETED_DEVICE_FAMILY = "1,2";
				TEST_TARGET_NAME = RestaurantiOS;
			};
			name = Release;
		};
/* End XCBuildConfiguration section */

/* Begin XCConfigurationList section */
		C02FFFC028C6BEA700156CE7 /* Build configuration list for PBXProject "RestaurantiOS" */ = {
			isa = XCConfigurationList;
			buildConfigurations = (
				C02FFFED28C6BEA900156CE7 /* Debug */,
				C02FFFEE28C6BEA900156CE7 /* Release */,
			);
			defaultConfigurationIsVisible = 0;
			defaultConfigurationName = Release;
		};
		C02FFFEF28C6BEA900156CE7 /* Build configuration list for PBXNativeTarget "RestaurantiOS" */ = {
			isa = XCConfigurationList;
			buildConfigurations = (
				C02FFFF028C6BEA900156CE7 /* Debug */,
				C02FFFF128C6BEA900156CE7 /* Release */,
			);
			defaultConfigurationIsVisible = 0;
			defaultConfigurationName = Release;
		};
		C02FFFF228C6BEA900156CE7 /* Build configuration list for PBXNativeTarget "RestaurantiOSTests" */ = {
			isa = XCConfigurationList;
			buildConfigurations = (
				C02FFFF328C6BEA900156CE7 /* Debug */,
				C02FFFF428C6BEA900156CE7 /* Release */,
			);
			defaultConfigurationIsVisible = 0;
			defaultConfigurationName = Release;
		};
		C02FFFF528C6BEA900156CE7 /* Build configuration list for PBXNativeTarget "RestaurantiOSUITests" */ = {
			isa = XCConfigurationList;
			buildConfigurations = (
				C02FFFF628C6BEA900156CE7 /* Debug */,
				C02FFFF728C6BEA900156CE7 /* Release */,
			);
			defaultConfigurationIsVisible = 0;
			defaultConfigurationName = Release;
		};
/* End XCConfigurationList section */
	};
	rootObject = C02FFFBD28C6BEA700156CE7 /* Project object */;
}
